
Microsoft Visual Studio Solution File, Format Version 12.00
# Visual Studio 14
VisualStudioVersion = 14.0.25123.0
MinimumVisualStudioVersion = 10.0.40219.1
Project("{FAE04EC0-301F-11D3-BF4B-00C04F79EFBC}") = "GreedKata", "GreedKata.csproj", "{7301BEEF-8967-4A00-98C1-70DC9083B62F}"
EndProject
Project("{FAE04EC0-301F-11D3-BF4B-00C04F79EFBC}") = "GreedKataTests", "..\GreekKataTests\GreedKataTests.csproj", "{0DBC29C6-9275-4690-AFE3-A6A3F69E3B38}"
EndProject
Global
	GlobalSection(SolutionConfigurationPlatforms) = preSolution
		Debug|Any CPU = Debug|Any CPU
		Release|Any CPU = Release|Any CPU
	EndGlobalSection
	GlobalSection(ProjectConfigurationPlatforms) = postSolution
		{7301BEEF-8967-4A00-98C1-70DC9083B62F}.Debug|Any CPU.ActiveCfg = Debug|Any CPU
		{7301BEEF-8967-4A00-98C1-70DC9083B62F}.Debug|Any CPU.Build.0 = Debug|Any CPU
		{7301BEEF-8967-4A00-98C1-70DC9083B62F}.Release|Any CPU.ActiveCfg = Release|Any CPU
		{7301BEEF-8967-4A00-98C1-70DC9083B62F}.Release|Any CPU.Build.0 = Release|Any CPU
		{0DBC29C6-9275-4690-AFE3-A6A3F69E3B38}.Debug|Any CPU.ActiveCfg = Debug|Any CPU
		{0DBC29C6-9275-4690-AFE3-A6A3F69E3B38}.Debug|Any CPU.Build.0 = Debug|Any CPU
		{0DBC29C6-9275-4690-AFE3-A6A3F69E3B38}.Release|Any CPU.ActiveCfg = Release|Any CPU
		{0DBC29C6-9275-4690-AFE3-A6A3F69E3B38}.Release|Any CPU.Build.0 = Release|Any CPU
	EndGlobalSection
	GlobalSection(SolutionProperties) = preSolution
		HideSolutionNode = FALSE
	EndGlobalSection
EndGlobal
