
Microsoft Visual Studio Solution File, Format Version 12.00
# Visual Studio 15
VisualStudioVersion = 15.0.26730.12
MinimumVisualStudioVersion = 10.0.40219.1
Project("{FAE04EC0-301F-11D3-BF4B-00C04F79EFBC}") = "GreedKata", "GreedKata\GreedKata.csproj", "{B4618856-838C-486F-B861-A102356E7289}"
EndProject
Project("{FAE04EC0-301F-11D3-BF4B-00C04F79EFBC}") = "GreedKataTests", "GreedKataTests\GreedKataTests.csproj", "{27A95343-D8B4-4675-8787-EE2B96B789D7}"
EndProject
Global
	GlobalSection(SolutionConfigurationPlatforms) = preSolution
		Debug|Any CPU = Debug|Any CPU
		Release|Any CPU = Release|Any CPU
	EndGlobalSection
	GlobalSection(ProjectConfigurationPlatforms) = postSolution
		{B4618856-838C-486F-B861-A102356E7289}.Debug|Any CPU.ActiveCfg = Debug|Any CPU
		{B4618856-838C-486F-B861-A102356E7289}.Debug|Any CPU.Build.0 = Debug|Any CPU
		{B4618856-838C-486F-B861-A102356E7289}.Release|Any CPU.ActiveCfg = Release|Any CPU
		{B4618856-838C-486F-B861-A102356E7289}.Release|Any CPU.Build.0 = Release|Any CPU
		{27A95343-D8B4-4675-8787-EE2B96B789D7}.Debug|Any CPU.ActiveCfg = Debug|Any CPU
		{27A95343-D8B4-4675-8787-EE2B96B789D7}.Debug|Any CPU.Build.0 = Debug|Any CPU
		{27A95343-D8B4-4675-8787-EE2B96B789D7}.Release|Any CPU.ActiveCfg = Release|Any CPU
		{27A95343-D8B4-4675-8787-EE2B96B789D7}.Release|Any CPU.Build.0 = Release|Any CPU
	EndGlobalSection
	GlobalSection(SolutionProperties) = preSolution
		HideSolutionNode = FALSE
	EndGlobalSection
	GlobalSection(ExtensibilityGlobals) = postSolution
		SolutionGuid = {834DA932-6533-4434-A08C-28EB3BBD125F}
	EndGlobalSection
EndGlobal
